PODS:
  - Alamofire (2.0.2)
  - FontAwesomeKit (2.2.0):
    - FontAwesomeKit/Core (= 2.2.0)
    - FontAwesomeKit/FontAwesome (= 2.2.0)
    - FontAwesomeKit/FoundationIcons (= 2.2.0)
    - FontAwesomeKit/IonIcons (= 2.2.0)
    - FontAwesomeKit/Zocial (= 2.2.0)
  - FontAwesomeKit/Core (2.2.0)
  - FontAwesomeKit/FontAwesome (2.2.0):
    - FontAwesomeKit/Core
  - FontAwesomeKit/FoundationIcons (2.2.0):
    - FontAwesomeKit/Core
  - FontAwesomeKit/IonIcons (2.2.0):
    - FontAwesomeKit/Core
  - FontAwesomeKit/Zocial (2.2.0):
    - FontAwesomeKit/Core
  - OneSignal (1.10.2)
  - PayPal-iOS-SDK (2.12.1)
  - SVProgressHUD (1.1.3)
  - TGLStackedViewController (1.1.0)

DEPENDENCIES:
  - Alamofire
  - FontAwesomeKit
  - OneSignal
  - PayPal-iOS-SDK
  - SVProgressHUD
  - TGLStackedViewController

SPEC CHECKSUMS:
  Alamofire: 8edbab00802a752bb5240cc2abe70e7e881488ad
  FontAwesomeKit: 025fd4dd1017fe4e3f8d47b03e024deedbb33cd4
  OneSignal: edef841b5e7c682d1cbde722c2474a406cd5c9b6
  PayPal-iOS-SDK: 4cd1d720f4d6c39d298f9872a4a75ca944a89740
  SVProgressHUD: 748080e4f36e603f6c02aec292664239df5279c1
  TGLStackedViewController: 2edc69ada1f9ed269d982d9936d7ff567890e634

COCOAPODS: 0.38.2
